// !$*UTF8*$!
{
	archiveVersion = 1;
	classes = {
	};
	objectVersion = 46;
	objects = {

/* Begin PBXBuildFile section */
		41684B151EE136E900973F49 /* Makefile in Sources */ = {isa = PBXBuildFile; fileRef = 41684AEE1EE136E900973F49 /* Makefile */; };
		41684B171EE136E900973F49 /* wchar.c in Sources */ = {isa = PBXBuildFile; fileRef = 41684AF01EE136E900973F49 /* wchar.c */; };
		41684B1A1EE136E900973F49 /* create.c in Sources */ = {isa = PBXBuildFile; fileRef = 41684AF41EE136E900973F49 /* create.c */; };
		41684B1E1EE136E900973F49 /* main.c in Sources */ = {isa = PBXBuildFile; fileRef = 41684AF81EE136E900973F49 /* main.c */; };
		41684B1F1EE136E900973F49 /* Makefile in Sources */ = {isa = PBXBuildFile; fileRef = 41684AF91EE136E900973F49 /* Makefile */; };
		41684B201EE136E900973F49 /* mango.l in Sources */ = {isa = PBXBuildFile; fileRef = 41684AFA1EE136E900973F49 /* mango.l */; };
		41684B211EE136E900973F49 /* mango.y in Sources */ = {isa = PBXBuildFile; fileRef = 41684AFB1EE136E900973F49 /* mango.y */; };
		41684B221EE136E900973F49 /* string.c in Sources */ = {isa = PBXBuildFile; fileRef = 41684AFD1EE136E900973F49 /* string.c */; };
		41684B261EE136E900973F49 /* main.c in Sources */ = {isa = PBXBuildFile; fileRef = 41684B041EE136E900973F49 /* main.c */; };
		41684B281EE136E900973F49 /* Makefile in Sources */ = {isa = PBXBuildFile; fileRef = 41684B061EE136E900973F49 /* Makefile */; };
		41684B291EE136E900973F49 /* Makefile in Sources */ = {isa = PBXBuildFile; fileRef = 41684B101EE136E900973F49 /* Makefile */; };
		41684B2A1EE136E900973F49 /* memory.c in Sources */ = {isa = PBXBuildFile; fileRef = 41684B111EE136E900973F49 /* memory.c */; };
/* End PBXBuildFile section */

/* Begin PBXCopyFilesBuildPhase section */
		8933DF3A1EDC15DE0087689A /* CopyFiles */ = {
			isa = PBXCopyFilesBuildPhase;
			buildActionMask = 2147483647;
			dstPath = /usr/share/man/man1/;
			dstSubfolderSpec = 0;
			files = (
			);
			runOnlyForDeploymentPostprocessing = 1;
		};
/* End PBXCopyFilesBuildPhase section */

/* Begin PBXFileReference section */
		41684AEE1EE136E900973F49 /* Makefile */ = {isa = PBXFileReference; fileEncoding = 4; lastKnownFileType = sourcecode.make; path = Makefile; sourceTree = "<group>"; };
		41684AF01EE136E900973F49 /* wchar.c */ = {isa = PBXFileReference; fileEncoding = 4; lastKnownFileType = sourcecode.c.c; path = wchar.c; sourceTree = "<group>"; };
		41684AF41EE136E900973F49 /* create.c */ = {isa = PBXFileReference; fileEncoding = 4; lastKnownFileType = sourcecode.c.c; path = create.c; sourceTree = "<group>"; };
		41684AF81EE136E900973F49 /* main.c */ = {isa = PBXFileReference; fileEncoding = 4; lastKnownFileType = sourcecode.c.c; path = main.c; sourceTree = "<group>"; };
		41684AF91EE136E900973F49 /* Makefile */ = {isa = PBXFileReference; fileEncoding = 4; lastKnownFileType = sourcecode.make; path = Makefile; sourceTree = "<group>"; };
		41684AFA1EE136E900973F49 /* mango.l */ = {isa = PBXFileReference; fileEncoding = 4; lastKnownFileType = sourcecode.lex; path = mango.l; sourceTree = "<group>"; };
		41684AFB1EE136E900973F49 /* mango.y */ = {isa = PBXFileReference; fileEncoding = 4; lastKnownFileType = sourcecode.yacc; path = mango.y; sourceTree = "<group>"; };
		41684AFC1EE136E900973F49 /* mangoc.h */ = {isa = PBXFileReference; fileEncoding = 4; lastKnownFileType = sourcecode.c.h; path = mangoc.h; sourceTree = "<group>"; };
		41684AFD1EE136E900973F49 /* string.c */ = {isa = PBXFileReference; fileEncoding = 4; lastKnownFileType = sourcecode.c.c; path = string.c; sourceTree = "<group>"; };
		41684B041EE136E900973F49 /* main.c */ = {isa = PBXFileReference; fileEncoding = 4; lastKnownFileType = sourcecode.c.c; path = main.c; sourceTree = "<group>"; };
		41684B061EE136E900973F49 /* Makefile */ = {isa = PBXFileReference; fileEncoding = 4; lastKnownFileType = sourcecode.make; path = Makefile; sourceTree = "<group>"; };
		41684B081EE136E900973F49 /* test.mg */ = {isa = PBXFileReference; fileEncoding = 4; lastKnownFileType = text; path = test.mg; sourceTree = "<group>"; };
		41684B0A1EE136E900973F49 /* DVM.h */ = {isa = PBXFileReference; fileEncoding = 4; lastKnownFileType = sourcecode.c.h; path = DVM.h; sourceTree = "<group>"; };
		41684B0B1EE136E900973F49 /* DVM_code.h */ = {isa = PBXFileReference; fileEncoding = 4; lastKnownFileType = sourcecode.c.h; path = DVM_code.h; sourceTree = "<group>"; };
		41684B0C1EE136E900973F49 /* MEN.h */ = {isa = PBXFileReference; fileEncoding = 4; lastKnownFileType = sourcecode.c.h; path = MEN.h; sourceTree = "<group>"; };
		41684B0D1EE136E900973F49 /* MG.h */ = {isa = PBXFileReference; fileEncoding = 4; lastKnownFileType = sourcecode.c.h; path = MG.h; sourceTree = "<group>"; };
		41684B0E1EE136E900973F49 /* share.h */ = {isa = PBXFileReference; fileEncoding = 4; lastKnownFileType = sourcecode.c.h; path = share.h; sourceTree = "<group>"; };
		41684B101EE136E900973F49 /* Makefile */ = {isa = PBXFileReference; fileEncoding = 4; lastKnownFileType = sourcecode.make; path = Makefile; sourceTree = "<group>"; };
		41684B111EE136E900973F49 /* memory.c */ = {isa = PBXFileReference; fileEncoding = 4; lastKnownFileType = sourcecode.c.c; path = memory.c; sourceTree = "<group>"; };
		41684B121EE136E900973F49 /* memory.h */ = {isa = PBXFileReference; fileEncoding = 4; lastKnownFileType = sourcecode.c.h; path = memory.h; sourceTree = "<group>"; };
		8933DF3C1EDC15DE0087689A /* mango */ = {isa = PBXFileReference; explicitFileType = "compiled.mach-o.executable"; includeInIndex = 0; path = mango; sourceTree = BUILT_PRODUCTS_DIR; };
/* End PBXFileReference section */

/* Begin PBXFrameworksBuildPhase section */
		8933DF391EDC15DE0087689A /* Frameworks */ = {
			isa = PBXFrameworksBuildPhase;
			buildActionMask = 2147483647;
			files = (
			);
			runOnlyForDeploymentPostprocessing = 0;
		};
/* End PBXFrameworksBuildPhase section */

/* Begin PBXGroup section */
		41684AED1EE136E900973F49 /* share */ = {
			isa = PBXGroup;
			children = (
				41684AEE1EE136E900973F49 /* Makefile */,
				41684AF01EE136E900973F49 /* wchar.c */,
			);
			path = share;
			sourceTree = "<group>";
		};
		41684AF21EE136E900973F49 /* compiler */ = {
			isa = PBXGroup;
			children = (
				41684AF41EE136E900973F49 /* create.c */,
				41684AF81EE136E900973F49 /* main.c */,
				41684AF91EE136E900973F49 /* Makefile */,
				41684AFA1EE136E900973F49 /* mango.l */,
				41684AFB1EE136E900973F49 /* mango.y */,
				41684AFC1EE136E900973F49 /* mangoc.h */,
				41684AFD1EE136E900973F49 /* string.c */,
			);
			path = compiler;
			sourceTree = "<group>";
		};
		41684B031EE136E900973F49 /* main */ = {
			isa = PBXGroup;
			children = (
				41684B041EE136E900973F49 /* main.c */,
				41684B061EE136E900973F49 /* Makefile */,
				41684B081EE136E900973F49 /* test.mg */,
			);
			path = main;
			sourceTree = "<group>";
		};
		41684B091EE136E900973F49 /* include */ = {
			isa = PBXGroup;
			children = (
				41684B0A1EE136E900973F49 /* DVM.h */,
				41684B0B1EE136E900973F49 /* DVM_code.h */,
				41684B0C1EE136E900973F49 /* MEN.h */,
				41684B0D1EE136E900973F49 /* MG.h */,
				41684B0E1EE136E900973F49 /* share.h */,
			);
			path = include;
			sourceTree = "<group>";
		};
		41684B0F1EE136E900973F49 /* memory */ = {
			isa = PBXGroup;
			children = (
				41684B101EE136E900973F49 /* Makefile */,
				41684B111EE136E900973F49 /* memory.c */,
				41684B121EE136E900973F49 /* memory.h */,
			);
			path = memory;
			sourceTree = "<group>";
		};
		8933DF331EDC15DE0087689A = {
			isa = PBXGroup;
			children = (
				8933DF3E1EDC15DE0087689A /* mango */,
				8933DF3D1EDC15DE0087689A /* Products */,
			);
			sourceTree = "<group>";
		};
		8933DF3D1EDC15DE0087689A /* Products */ = {
			isa = PBXGroup;
			children = (
				8933DF3C1EDC15DE0087689A /* mango */,
			);
			name = Products;
			sourceTree = "<group>";
		};
		8933DF3E1EDC15DE0087689A /* mango */ = {
			isa = PBXGroup;
			children = (
				41684AED1EE136E900973F49 /* share */,
				41684AF21EE136E900973F49 /* compiler */,
				41684B031EE136E900973F49 /* main */,
				41684B091EE136E900973F49 /* include */,
				41684B0F1EE136E900973F49 /* memory */,
			);
			path = mango;
			sourceTree = "<group>";
		};
/* End PBXGroup section */

/* Begin PBXLegacyTarget section */
		41684B2D1EE1371300973F49 /* makefile */ = {
			isa = PBXLegacyTarget;
			buildArgumentsString = all;
			buildConfigurationList = 41684B2E1EE1371300973F49 /* Build configuration list for PBXLegacyTarget "makefile" */;
			buildPhases = (
			);
			buildToolPath = /usr/bin/make;
			buildWorkingDirectory = /Users/yongpengliang/Desktop/mango/mango/main;
			dependencies = (
			);
			name = makefile;
			passBuildSettingsInEnvironment = 1;
			productName = makefile;
		};
/* End PBXLegacyTarget section */

/* Begin PBXNativeTarget section */
		8933DF3B1EDC15DE0087689A /* mango */ = {
			isa = PBXNativeTarget;
			buildConfigurationList = 8933DF431EDC15DE0087689A /* Build configuration list for PBXNativeTarget "mango" */;
			buildPhases = (
				8933DF381EDC15DE0087689A /* Sources */,
				8933DF391EDC15DE0087689A /* Frameworks */,
				8933DF3A1EDC15DE0087689A /* CopyFiles */,
			);
			buildRules = (
			);
			dependencies = (
			);
			name = mango;
			productName = mango;
			productReference = 8933DF3C1EDC15DE0087689A /* mango */;
			productType = "com.apple.product-type.tool";
		};
/* End PBXNativeTarget section */

/* Begin PBXProject section */
		8933DF341EDC15DE0087689A /* Project object */ = {
			isa = PBXProject;
			attributes = {
				LastUpgradeCheck = 0830;
				ORGANIZATIONNAME = yongpengliang;
				TargetAttributes = {
					41684B2D1EE1371300973F49 = {
						CreatedOnToolsVersion = 8.3.2;
						DevelopmentTeam = UZH7RM4G39;
						ProvisioningStyle = Automatic;
					};
					8933DF3B1EDC15DE0087689A = {
						CreatedOnToolsVersion = 8.3.2;
						ProvisioningStyle = Automatic;
					};
				};
			};
			buildConfigurationList = 8933DF371EDC15DE0087689A /* Build configuration list for PBXProject "mango" */;
			compatibilityVersion = "Xcode 3.2";
			developmentRegion = English;
			hasScannedForEncodings = 0;
			knownRegions = (
				en,
			);
			mainGroup = 8933DF331EDC15DE0087689A;
			productRefGroup = 8933DF3D1EDC15DE0087689A /* Products */;
			projectDirPath = "";
			projectRoot = "";
			targets = (
				8933DF3B1EDC15DE0087689A /* mango */,
				41684B2D1EE1371300973F49 /* makefile */,
			);
		};
/* End PBXProject section */

/* Begin PBXSourcesBuildPhase section */
		8933DF381EDC15DE0087689A /* Sources */ = {
			isa = PBXSourcesBuildPhase;
			buildActionMask = 2147483647;
			files = (
				41684B2A1EE136E900973F49 /* memory.c in Sources */,
				41684B211EE136E900973F49 /* mango.y in Sources */,
				41684B1F1EE136E900973F49 /* Makefile in Sources */,
				41684B1E1EE136E900973F49 /* main.c in Sources */,
				41684B151EE136E900973F49 /* Makefile in Sources */,
				41684B171EE136E900973F49 /* wchar.c in Sources */,
				41684B281EE136E900973F49 /* Makefile in Sources */,
				41684B221EE136E900973F49 /* string.c in Sources */,
				41684B261EE136E900973F49 /* main.c in Sources */,
				41684B291EE136E900973F49 /* Makefile in Sources */,
				41684B201EE136E900973F49 /* mango.l in Sources */,
				41684B1A1EE136E900973F49 /* create.c in Sources */,
			);
			runOnlyForDeploymentPostprocessing = 0;
		};
/* End PBXSourcesBuildPhase section */

/* Begin XCBuildConfiguration section */
		41684B2F1EE1371300973F49 /* Debug */ = {
			isa = XCBuildConfiguration;
			buildSettings = {
				DEBUGGING_SYMBOLS = YES;
				DEBUG_INFORMATION_FORMAT = dwarf;
				DEVELOPMENT_TEAM = UZH7RM4G39;
				GCC_GENERATE_DEBUGGING_SYMBOLS = YES;
				GCC_OPTIMIZATION_LEVEL = 0;
				OTHER_CFLAGS = "";
				OTHER_LDFLAGS = "";
				PRODUCT_NAME = "$(TARGET_NAME)";
			};
			name = Debug;
		};
		41684B301EE1371300973F49 /* Release */ = {
			isa = XCBuildConfiguration;
			buildSettings = {
				DEBUG_INFORMATION_FORMAT = "dwarf-with-dsym";
				DEVELOPMENT_TEAM = UZH7RM4G39;
				OTHER_CFLAGS = "";
				OTHER_LDFLAGS = "";
				PRODUCT_NAME = "$(TARGET_NAME)";
			};
			name = Release;
		};
		8933DF411EDC15DE0087689A /* Debug */ = {
			isa = XCBuildConfiguration;
			buildSettings = {
				ALWAYS_SEARCH_USER_PATHS = NO;
				CLANG_ANALYZER_NONNULL = YES;
				CLANG_ANALYZER_NUMBER_OBJECT_CONVERSION = YES_AGGRESSIVE;
				CLANG_CXX_LANGUAGE_STANDARD = "gnu++0x";
				CLANG_CXX_LIBRARY = "libc++";
				CLANG_ENABLE_MODULES = YES;
				CLANG_ENABLE_OBJC_ARC = YES;
				CLANG_WARN_BOOL_CONVERSION = YES;
				CLANG_WARN_CONSTANT_CONVERSION = YES;
				CLANG_WARN_DIRECT_OBJC_ISA_USAGE = YES_ERROR;
				CLANG_WARN_DOCUMENTATION_COMMENTS = YES;
				CLANG_WARN_EMPTY_BODY = YES;
				CLANG_WARN_ENUM_CONVERSION = YES;
				CLANG_WARN_INFINITE_RECURSION = YES;
				CLANG_WARN_INT_CONVERSION = YES;
				CLANG_WARN_OBJC_ROOT_CLASS = YES_ERROR;
				CLANG_WARN_SUSPICIOUS_MOVE = YES;
				CLANG_WARN_UNREACHABLE_CODE = YES;
				CLANG_WARN__DUPLICATE_METHOD_MATCH = YES;
				CODE_SIGN_IDENTITY = "-";
				COPY_PHASE_STRIP = NO;
				DEBUG_INFORMATION_FORMAT = dwarf;
				ENABLE_STRICT_OBJC_MSGSEND = YES;
				ENABLE_TESTABILITY = YES;
				GCC_C_LANGUAGE_STANDARD = gnu99;
				GCC_DYNAMIC_NO_PIC = NO;
				GCC_NO_COMMON_BLOCKS = YES;
				GCC_OPTIMIZATION_LEVEL = 0;
				GCC_PREPROCESSOR_DEFINITIONS = (
					"DEBUG=1",
					"$(inherited)",
				);
				GCC_WARN_64_TO_32_BIT_CONVERSION = YES;
				GCC_WARN_ABOUT_RETURN_TYPE = YES_ERROR;
				GCC_WARN_UNDECLARED_SELECTOR = YES;
				GCC_WARN_UNINITIALIZED_AUTOS = YES_AGGRESSIVE;
				GCC_WARN_UNUSED_FUNCTION = YES;
				GCC_WARN_UNUSED_VARIABLE = YES;
				MACOSX_DEPLOYMENT_TARGET = 10.12;
				MTL_ENABLE_DEBUG_INFO = YES;
				ONLY_ACTIVE_ARCH = YES;
				SDKROOT = macosx;
			};
			name = Debug;
		};
		8933DF421EDC15DE0087689A /* Release */ = {
			isa = XCBuildConfiguration;
			buildSettings = {
				ALWAYS_SEARCH_USER_PATHS = NO;
				CLANG_ANALYZER_NONNULL = YES;
				CLANG_ANALYZER_NUMBER_OBJECT_CONVERSION = YES_AGGRESSIVE;
				CLANG_CXX_LANGUAGE_STANDARD = "gnu++0x";
				CLANG_CXX_LIBRARY = "libc++";
				CLANG_ENABLE_MODULES = YES;
				CLANG_ENABLE_OBJC_ARC = YES;
				CLANG_WARN_BOOL_CONVERSION = YES;
				CLANG_WARN_CONSTANT_CONVERSION = YES;
				CLANG_WARN_DIRECT_OBJC_ISA_USAGE = YES_ERROR;
				CLANG_WARN_DOCUMENTATION_COMMENTS = YES;
				CLANG_WARN_EMPTY_BODY = YES;
				CLANG_WARN_ENUM_CONVERSION = YES;
				CLANG_WARN_INFINITE_RECURSION = YES;
				CLANG_WARN_INT_CONVERSION = YES;
				CLANG_WARN_OBJC_ROOT_CLASS = YES_ERROR;
				CLANG_WARN_SUSPICIOUS_MOVE = YES;
				CLANG_WARN_UNREACHABLE_CODE = YES;
				CLANG_WARN__DUPLICATE_METHOD_MATCH = YES;
				CODE_SIGN_IDENTITY = "-";
				COPY_PHASE_STRIP = NO;
				DEBUG_INFORMATION_FORMAT = "dwarf-with-dsym";
				ENABLE_NS_ASSERTIONS = NO;
				ENABLE_STRICT_OBJC_MSGSEND = YES;
				GCC_C_LANGUAGE_STANDARD = gnu99;
				GCC_NO_COMMON_BLOCKS = YES;
				GCC_WARN_64_TO_32_BIT_CONVERSION = YES;
				GCC_WARN_ABOUT_RETURN_TYPE = YES_ERROR;
				GCC_WARN_UNDECLARED_SELECTOR = YES;
				GCC_WARN_UNINITIALIZED_AUTOS = YES_AGGRESSIVE;
				GCC_WARN_UNUSED_FUNCTION = YES;
				GCC_WARN_UNUSED_VARIABLE = YES;
				MACOSX_DEPLOYMENT_TARGET = 10.12;
				MTL_ENABLE_DEBUG_INFO = NO;
				SDKROOT = macosx;
			};
			name = Release;
		};
		8933DF441EDC15DE0087689A /* Debug */ = {
			isa = XCBuildConfiguration;
			buildSettings = {
				PRODUCT_NAME = "$(TARGET_NAME)";
			};
			name = Debug;
		};
		8933DF451EDC15DE0087689A /* Release */ = {
			isa = XCBuildConfiguration;
			buildSettings = {
				PRODUCT_NAME = "$(TARGET_NAME)";
			};
			name = Release;
		};
/* End XCBuildConfiguration section */

/* Begin XCConfigurationList section */
		41684B2E1EE1371300973F49 /* Build configuration list for PBXLegacyTarget "makefile" */ = {
			isa = XCConfigurationList;
			buildConfigurations = (
				41684B2F1EE1371300973F49 /* Debug */,
				41684B301EE1371300973F49 /* Release */,
			);
			defaultConfigurationIsVisible = 0;
		};
		8933DF371EDC15DE0087689A /* Build configuration list for PBXProject "mango" */ = {
			isa = XCConfigurationList;
			buildConfigurations = (
				8933DF411EDC15DE0087689A /* Debug */,
				8933DF421EDC15DE0087689A /* Release */,
			);
			defaultConfigurationIsVisible = 0;
			defaultConfigurationName = Release;
		};
		8933DF431EDC15DE0087689A /* Build configuration list for PBXNativeTarget "mango" */ = {
			isa = XCConfigurationList;
			buildConfigurations = (
				8933DF441EDC15DE0087689A /* Debug */,
				8933DF451EDC15DE0087689A /* Release */,
			);
			defaultConfigurationIsVisible = 0;
			defaultConfigurationName = Release;
		};
/* End XCConfigurationList section */
	};
	rootObject = 8933DF341EDC15DE0087689A /* Project object */;
}
